
Microsoft Visual Studio Solution File, Format Version 12.00
# Visual Studio 15
VisualStudioVersion = 15.0.28307.852
MinimumVisualStudioVersion = 10.0.40219.1
Project("{FAE04EC0-301F-11D3-BF4B-00C04F79EFBC}") = "InterceptorPOC", "InterceptorPOC\InterceptorPOC.csproj", "{6C8ED914-05E9-4BA7-967B-6D0CAB5233EF}"
EndProject
Project("{FAE04EC0-301F-11D3-BF4B-00C04F79EFBC}") = "InterceptorPOC.Tests", "InterceptorPOC.Tests\InterceptorPOC.Tests.csproj", "{C9BAEA59-DB81-43EE-A513-A193BC0B53FF}"
EndProject
Global
	GlobalSection(SolutionConfigurationPlatforms) = preSolution
		Debug|Any CPU = Debug|Any CPU
		Release|Any CPU = Release|Any CPU
	EndGlobalSection
	GlobalSection(ProjectConfigurationPlatforms) = postSolution
		{6C8ED914-05E9-4BA7-967B-6D0CAB5233EF}.Debug|Any CPU.ActiveCfg = Debug|Any CPU
		{6C8ED914-05E9-4BA7-967B-6D0CAB5233EF}.Debug|Any CPU.Build.0 = Debug|Any CPU
		{6C8ED914-05E9-4BA7-967B-6D0CAB5233EF}.Release|Any CPU.ActiveCfg = Release|Any CPU
		{6C8ED914-05E9-4BA7-967B-6D0CAB5233EF}.Release|Any CPU.Build.0 = Release|Any CPU
		{C9BAEA59-DB81-43EE-A513-A193BC0B53FF}.Debug|Any CPU.ActiveCfg = Debug|Any CPU
		{C9BAEA59-DB81-43EE-A513-A193BC0B53FF}.Debug|Any CPU.Build.0 = Debug|Any CPU
		{C9BAEA59-DB81-43EE-A513-A193BC0B53FF}.Release|Any CPU.ActiveCfg = Release|Any CPU
		{C9BAEA59-DB81-43EE-A513-A193BC0B53FF}.Release|Any CPU.Build.0 = Release|Any CPU
	EndGlobalSection
	GlobalSection(SolutionProperties) = preSolution
		HideSolutionNode = FALSE
	EndGlobalSection
	GlobalSection(ExtensibilityGlobals) = postSolution
		SolutionGuid = {9D376615-1E2E-49B3-8DCC-4F49BFDD74B1}
	EndGlobalSection
EndGlobal
